// !$*UTF8*$!
{
	archiveVersion = 1;
	classes = {
	};
	objectVersion = 50;
	objects = {

/* Begin PBXBuildFile section */
		3E37DBED2484AC2C00F5C872 /* NARArtist+NSJSONSerialization.m in Sources */ = {isa = PBXBuildFile; fileRef = 3E37DBEC2484AC2C00F5C872 /* NARArtist+NSJSONSerialization.m */; };
		3E37DBF32484AE3700F5C872 /* NARArtistDetailViewController.m in Sources */ = {isa = PBXBuildFile; fileRef = 3E37DBF22484AE3700F5C872 /* NARArtistDetailViewController.m */; };
		3E37DBF62484AE5D00F5C872 /* NARTableViewControllers.m in Sources */ = {isa = PBXBuildFile; fileRef = 3E37DBF52484AE5D00F5C872 /* NARTableViewControllers.m */; };
		3E37DBF92484AE8000F5C872 /* NARArtistController.m in Sources */ = {isa = PBXBuildFile; fileRef = 3E37DBF82484AE8000F5C872 /* NARArtistController.m */; };
		3EB972AF248491A500C91B1B /* AppDelegate.m in Sources */ = {isa = PBXBuildFile; fileRef = 3EB972AE248491A500C91B1B /* AppDelegate.m */; };
		3EB972B2248491A500C91B1B /* SceneDelegate.m in Sources */ = {isa = PBXBuildFile; fileRef = 3EB972B1248491A500C91B1B /* SceneDelegate.m */; };
		3EB972B8248491A500C91B1B /* Main.storyboard in Resources */ = {isa = PBXBuildFile; fileRef = 3EB972B6248491A500C91B1B /* Main.storyboard */; };
		3EB972BA248491A600C91B1B /* Assets.xcassets in Resources */ = {isa = PBXBuildFile; fileRef = 3EB972B9248491A600C91B1B /* Assets.xcassets */; };
		3EB972BD248491A600C91B1B /* LaunchScreen.storyboard in Resources */ = {isa = PBXBuildFile; fileRef = 3EB972BB248491A600C91B1B /* LaunchScreen.storyboard */; };
		3EB972C0248491A600C91B1B /* main.m in Sources */ = {isa = PBXBuildFile; fileRef = 3EB972BF248491A600C91B1B /* main.m */; };
		3EB972CD2484A3E600C91B1B /* NARArtist.m in Sources */ = {isa = PBXBuildFile; fileRef = 3EB972CC2484A3E600C91B1B /* NARArtist.m */; };
/* End PBXBuildFile section */

/* Begin PBXFileReference section */
		3E37DBEB2484AC2C00F5C872 /* NARArtist+NSJSONSerialization.h */ = {isa = PBXFileReference; lastKnownFileType = sourcecode.c.h; path = "NARArtist+NSJSONSerialization.h"; sourceTree = "<group>"; };
		3E37DBEC2484AC2C00F5C872 /* NARArtist+NSJSONSerialization.m */ = {isa = PBXFileReference; lastKnownFileType = sourcecode.c.objc; path = "NARArtist+NSJSONSerialization.m"; sourceTree = "<group>"; };
		3E37DBF12484AE3700F5C872 /* NARArtistDetailViewController.h */ = {isa = PBXFileReference; lastKnownFileType = sourcecode.c.h; path = NARArtistDetailViewController.h; sourceTree = "<group>"; };
		3E37DBF22484AE3700F5C872 /* NARArtistDetailViewController.m */ = {isa = PBXFileReference; lastKnownFileType = sourcecode.c.objc; path = NARArtistDetailViewController.m; sourceTree = "<group>"; };
		3E37DBF42484AE5D00F5C872 /* NARTableViewControllers.h */ = {isa = PBXFileReference; lastKnownFileType = sourcecode.c.h; path = NARTableViewControllers.h; sourceTree = "<group>"; };
		3E37DBF52484AE5D00F5C872 /* NARTableViewControllers.m */ = {isa = PBXFileReference; lastKnownFileType = sourcecode.c.objc; path = NARTableViewControllers.m; sourceTree = "<group>"; };
		3E37DBF72484AE8000F5C872 /* NARArtistController.h */ = {isa = PBXFileReference; lastKnownFileType = sourcecode.c.h; path = NARArtistController.h; sourceTree = "<group>"; };
		3E37DBF82484AE8000F5C872 /* NARArtistController.m */ = {isa = PBXFileReference; lastKnownFileType = sourcecode.c.objc; path = NARArtistController.m; sourceTree = "<group>"; };
		3EB972AA248491A500C91B1B /* Favorite Artists.app */ = {isa = PBXFileReference; explicitFileType = wrapper.application; includeInIndex = 0; path = "Favorite Artists.app"; sourceTree = BUILT_PRODUCTS_DIR; };
		3EB972AD248491A500C91B1B /* AppDelegate.h */ = {isa = PBXFileReference; lastKnownFileType = sourcecode.c.h; path = AppDelegate.h; sourceTree = "<group>"; };
		3EB972AE248491A500C91B1B /* AppDelegate.m */ = {isa = PBXFileReference; lastKnownFileType = sourcecode.c.objc; path = AppDelegate.m; sourceTree = "<group>"; };
		3EB972B0248491A500C91B1B /* SceneDelegate.h */ = {isa = PBXFileReference; lastKnownFileType = sourcecode.c.h; path = SceneDelegate.h; sourceTree = "<group>"; };
		3EB972B1248491A500C91B1B /* SceneDelegate.m */ = {isa = PBXFileReference; lastKnownFileType = sourcecode.c.objc; path = SceneDelegate.m; sourceTree = "<group>"; };
		3EB972B7248491A500C91B1B /* Base */ = {isa = PBXFileReference; lastKnownFileType = file.storyboard; name = Base; path = Base.lproj/Main.storyboard; sourceTree = "<group>"; };
		3EB972B9248491A600C91B1B /* Assets.xcassets */ = {isa = PBXFileReference; lastKnownFileType = folder.assetcatalog; path = Assets.xcassets; sourceTree = "<group>"; };
		3EB972BC248491A600C91B1B /* Base */ = {isa = PBXFileReference; lastKnownFileType = file.storyboard; name = Base; path = Base.lproj/LaunchScreen.storyboard; sourceTree = "<group>"; };
		3EB972BE248491A600C91B1B /* Info.plist */ = {isa = PBXFileReference; lastKnownFileType = text.plist.xml; path = Info.plist; sourceTree = "<group>"; };
		3EB972BF248491A600C91B1B /* main.m */ = {isa = PBXFileReference; lastKnownFileType = sourcecode.c.objc; path = main.m; sourceTree = "<group>"; };
		3EB972CB2484A3E600C91B1B /* NARArtist.h */ = {isa = PBXFileReference; lastKnownFileType = sourcecode.c.h; path = NARArtist.h; sourceTree = "<group>"; };
		3EB972CC2484A3E600C91B1B /* NARArtist.m */ = {isa = PBXFileReference; lastKnownFileType = sourcecode.c.objc; path = NARArtist.m; sourceTree = "<group>"; };
/* End PBXFileReference section */

/* Begin PBXFrameworksBuildPhase section */
		3EB972A7248491A500C91B1B /* Frameworks */ = {
			isa = PBXFrameworksBuildPhase;
			buildActionMask = 2147483647;
			files = (
			);
			runOnlyForDeploymentPostprocessing = 0;
		};
/* End PBXFrameworksBuildPhase section */

/* Begin PBXGroup section */
		3E37DBE82484AAAB00F5C872 /* Helpers */ = {
			isa = PBXGroup;
			children = (
				3E37DBEB2484AC2C00F5C872 /* NARArtist+NSJSONSerialization.h */,
				3E37DBEC2484AC2C00F5C872 /* NARArtist+NSJSONSerialization.m */,
			);
			path = Helpers;
			sourceTree = "<group>";
		};
		3EB972A1248491A500C91B1B = {
			isa = PBXGroup;
			children = (
				3EB972AC248491A500C91B1B /* Favorite Artists */,
				3EB972AB248491A500C91B1B /* Products */,
			);
			sourceTree = "<group>";
		};
		3EB972AB248491A500C91B1B /* Products */ = {
			isa = PBXGroup;
			children = (
				3EB972AA248491A500C91B1B /* Favorite Artists.app */,
			);
			name = Products;
			sourceTree = "<group>";
		};
		3EB972AC248491A500C91B1B /* Favorite Artists */ = {
			isa = PBXGroup;
			children = (
				3EB972AD248491A500C91B1B /* AppDelegate.h */,
				3EB972AE248491A500C91B1B /* AppDelegate.m */,
				3EB972B0248491A500C91B1B /* SceneDelegate.h */,
				3EB972C82484A31200C91B1B /* Controllers */,
				3EB972C72484A2D600C91B1B /* ModelControllers */,
				3EB972C62484A2A200C91B1B /* Models */,
				3EB972B1248491A500C91B1B /* SceneDelegate.m */,
				3EB972B6248491A500C91B1B /* Main.storyboard */,
				3EB972BB248491A600C91B1B /* LaunchScreen.storyboard */,
				3EB972B9248491A600C91B1B /* Assets.xcassets */,
				3EB972BE248491A600C91B1B /* Info.plist */,
				3EB972BF248491A600C91B1B /* main.m */,
			);
			path = "Favorite Artists";
			sourceTree = "<group>";
		};
		3EB972C62484A2A200C91B1B /* Models */ = {
			isa = PBXGroup;
			children = (
				3EB972CB2484A3E600C91B1B /* NARArtist.h */,
				3EB972CC2484A3E600C91B1B /* NARArtist.m */,
				3E37DBE82484AAAB00F5C872 /* Helpers */,
			);
			path = Models;
			sourceTree = "<group>";
		};
		3EB972C72484A2D600C91B1B /* ModelControllers */ = {
			isa = PBXGroup;
			children = (
				3E37DBF72484AE8000F5C872 /* NARArtistController.h */,
				3E37DBF82484AE8000F5C872 /* NARArtistController.m */,
			);
			path = ModelControllers;
			sourceTree = "<group>";
		};
		3EB972C82484A31200C91B1B /* Controllers */ = {
			isa = PBXGroup;
			children = (
				3E37DBF12484AE3700F5C872 /* NARArtistDetailViewController.h */,
				3E37DBF22484AE3700F5C872 /* NARArtistDetailViewController.m */,
				3E37DBF42484AE5D00F5C872 /* NARTableViewControllers.h */,
				3E37DBF52484AE5D00F5C872 /* NARTableViewControllers.m */,
			);
			path = Controllers;
			sourceTree = "<group>";
		};
/* End PBXGroup section */

/* Begin PBXNativeTarget section */
		3EB972A9248491A500C91B1B /* Favorite Artists */ = {
			isa = PBXNativeTarget;
			buildConfigurationList = 3EB972C3248491A600C91B1B /* Build configuration list for PBXNativeTarget "Favorite Artists" */;
			buildPhases = (
				3EB972A6248491A500C91B1B /* Sources */,
				3EB972A7248491A500C91B1B /* Frameworks */,
				3EB972A8248491A500C91B1B /* Resources */,
			);
			buildRules = (
			);
			dependencies = (
			);
			name = "Favorite Artists";
			productName = "Favorite Artists";
			productReference = 3EB972AA248491A500C91B1B /* Favorite Artists.app */;
			productType = "com.apple.product-type.application";
		};
/* End PBXNativeTarget section */

/* Begin PBXProject section */
		3EB972A2248491A500C91B1B /* Project object */ = {
			isa = PBXProject;
			attributes = {
				LastUpgradeCheck = 1150;
				ORGANIZATIONNAME = "Nicolas Rios";
				TargetAttributes = {
					3EB972A9248491A500C91B1B = {
						CreatedOnToolsVersion = 11.5;
						LastSwiftMigration = 1150;
					};
				};
			};
			buildConfigurationList = 3EB972A5248491A500C91B1B /* Build configuration list for PBXProject "Favorite Artists" */;
			compatibilityVersion = "Xcode 9.3";
			developmentRegion = en;
			hasScannedForEncodings = 0;
			knownRegions = (
				en,
				Base,
			);
			mainGroup = 3EB972A1248491A500C91B1B;
			productRefGroup = 3EB972AB248491A500C91B1B /* Products */;
			projectDirPath = "";
			projectRoot = "";
			targets = (
				3EB972A9248491A500C91B1B /* Favorite Artists */,
			);
		};
/* End PBXProject section */

/* Begin PBXResourcesBuildPhase section */
		3EB972A8248491A500C91B1B /* Resources */ = {
			isa = PBXResourcesBuildPhase;
			buildActionMask = 2147483647;
			files = (
				3EB972BD248491A600C91B1B /* LaunchScreen.storyboard in Resources */,
				3EB972BA248491A600C91B1B /* Assets.xcassets in Resources */,
				3EB972B8248491A500C91B1B /* Main.storyboard in Resources */,
			);
			runOnlyForDeploymentPostprocessing = 0;
		};
/* End PBXResourcesBuildPhase section */

/* Begin PBXSourcesBuildPhase section */
		3EB972A6248491A500C91B1B /* Sources */ = {
			isa = PBXSourcesBuildPhase;
			buildActionMask = 2147483647;
			files = (
				3E37DBED2484AC2C00F5C872 /* NARArtist+NSJSONSerialization.m in Sources */,
				3EB972CD2484A3E600C91B1B /* NARArtist.m in Sources */,
				3EB972AF248491A500C91B1B /* AppDelegate.m in Sources */,
				3E37DBF62484AE5D00F5C872 /* NARTableViewControllers.m in Sources */,
				3E37DBF92484AE8000F5C872 /* NARArtistController.m in Sources */,
				3EB972C0248491A600C91B1B /* main.m in Sources */,
				3E37DBF32484AE3700F5C872 /* NARArtistDetailViewController.m in Sources */,
				3EB972B2248491A500C91B1B /* SceneDelegate.m in Sources */,
			);
			runOnlyForDeploymentPostprocessing = 0;
		};
/* End PBXSourcesBuildPhase section */

/* Begin PBXVariantGroup section */
		3EB972B6248491A500C91B1B /* Main.storyboard */ = {
			isa = PBXVariantGroup;
			children = (
				3EB972B7248491A500C91B1B /* Base */,
			);
			name = Main.storyboard;
			sourceTree = "<group>";
		};
		3EB972BB248491A600C91B1B /* LaunchScreen.storyboard */ = {
			isa = PBXVariantGroup;
			children = (
				3EB972BC248491A600C91B1B /* Base */,
			);
			name = LaunchScreen.storyboard;
			sourceTree = "<group>";
		};
/* End PBXVariantGroup section */

/* Begin XCBuildConfiguration section */
		3EB972C1248491A600C91B1B /* Debug */ = {
			isa = XCBuildConfiguration;
			buildSettings = {
				ALWAYS_SEARCH_USER_PATHS = NO;
				CLANG_ANALYZER_NONNULL = YES;
				CLANG_ANALYZER_NUMBER_OBJECT_CONVERSION = YES_AGGRESSIVE;
				CLANG_CXX_LANGUAGE_STANDARD = "gnu++14";
				CLANG_CXX_LIBRARY = "libc++";
				CLANG_ENABLE_MODULES = YES;
				CLANG_ENABLE_OBJC_ARC = YES;
				CLANG_ENABLE_OBJC_WEAK = YES;
				CLANG_WARN_BLOCK_CAPTURE_AUTORELEASING = YES;
				CLANG_WARN_BOOL_CONVERSION = YES;
				CLANG_WARN_COMMA = YES;
				CLANG_WARN_CONSTANT_CONVERSION = YES;
				CLANG_WARN_DEPRECATED_OBJC_IMPLEMENTATIONS = YES;
				CLANG_WARN_DIRECT_OBJC_ISA_USAGE = YES_ERROR;
				CLANG_WARN_DOCUMENTATION_COMMENTS = YES;
				CLANG_WARN_EMPTY_BODY = YES;
				CLANG_WARN_ENUM_CONVERSION = YES;
				CLANG_WARN_INFINITE_RECURSION = YES;
				CLANG_WARN_INT_CONVERSION = YES;
				CLANG_WARN_NON_LITERAL_NULL_CONVERSION = YES;
				CLANG_WARN_OBJC_IMPLICIT_RETAIN_SELF = YES;
				CLANG_WARN_OBJC_LITERAL_CONVERSION = YES;
				CLANG_WARN_OBJC_ROOT_CLASS = YES_ERROR;
				CLANG_WARN_RANGE_LOOP_ANALYSIS = YES;
				CLANG_WARN_STRICT_PROTOTYPES = YES;
				CLANG_WARN_SUSPICIOUS_MOVE = YES;
				CLANG_WARN_UNGUARDED_AVAILABILITY = YES_AGGRESSIVE;
				CLANG_WARN_UNREACHABLE_CODE = YES;
				CLANG_WARN__DUPLICATE_METHOD_MATCH = YES;
				COPY_PHASE_STRIP = NO;
				DEBUG_INFORMATION_FORMAT = dwarf;
				ENABLE_STRICT_OBJC_MSGSEND = YES;
				ENABLE_TESTABILITY = YES;
				GCC_C_LANGUAGE_STANDARD = gnu11;
				GCC_DYNAMIC_NO_PIC = NO;
				GCC_NO_COMMON_BLOCKS = YES;
				GCC_OPTIMIZATION_LEVEL = 0;
				GCC_PREPROCESSOR_DEFINITIONS = (
					"DEBUG=1",
					"$(inherited)",
				);
				GCC_WARN_64_TO_32_BIT_CONVERSION = YES;
				GCC_WARN_ABOUT_RETURN_TYPE = YES_ERROR;
				GCC_WARN_UNDECLARED_SELECTOR = YES;
				GCC_WARN_UNINITIALIZED_AUTOS = YES_AGGRESSIVE;
				GCC_WARN_UNUSED_FUNCTION = YES;
				GCC_WARN_UNUSED_VARIABLE = YES;
				IPHONEOS_DEPLOYMENT_TARGET = 13.5;
				MTL_ENABLE_DEBUG_INFO = INCLUDE_SOURCE;
				MTL_FAST_MATH = YES;
				ONLY_ACTIVE_ARCH = YES;
				SDKROOT = iphoneos;
			};
			name = Debug;
		};
		3EB972C2248491A600C91B1B /* Release */ = {
			isa = XCBuildConfiguration;
			buildSettings = {
				ALWAYS_SEARCH_USER_PATHS = NO;
				CLANG_ANALYZER_NONNULL = YES;
				CLANG_ANALYZER_NUMBER_OBJECT_CONVERSION = YES_AGGRESSIVE;
				CLANG_CXX_LANGUAGE_STANDARD = "gnu++14";
				CLANG_CXX_LIBRARY = "libc++";
				CLANG_ENABLE_MODULES = YES;
				CLANG_ENABLE_OBJC_ARC = YES;
				CLANG_ENABLE_OBJC_WEAK = YES;
				CLANG_WARN_BLOCK_CAPTURE_AUTORELEASING = YES;
				CLANG_WARN_BOOL_CONVERSION = YES;
				CLANG_WARN_COMMA = YES;
				CLANG_WARN_CONSTANT_CONVERSION = YES;
				CLANG_WARN_DEPRECATED_OBJC_IMPLEMENTATIONS = YES;
				CLANG_WARN_DIRECT_OBJC_ISA_USAGE = YES_ERROR;
				CLANG_WARN_DOCUMENTATION_COMMENTS = YES;
				CLANG_WARN_EMPTY_BODY = YES;
				CLANG_WARN_ENUM_CONVERSION = YES;
				CLANG_WARN_INFINITE_RECURSION = YES;
				CLANG_WARN_INT_CONVERSION = YES;
				CLANG_WARN_NON_LITERAL_NULL_CONVERSION = YES;
				CLANG_WARN_OBJC_IMPLICIT_RETAIN_SELF = YES;
				CLANG_WARN_OBJC_LITERAL_CONVERSION = YES;
				CLANG_WARN_OBJC_ROOT_CLASS = YES_ERROR;
				CLANG_WARN_RANGE_LOOP_ANALYSIS = YES;
				CLANG_WARN_STRICT_PROTOTYPES = YES;
				CLANG_WARN_SUSPICIOUS_MOVE = YES;
				CLANG_WARN_UNGUARDED_AVAILABILITY = YES_AGGRESSIVE;
				CLANG_WARN_UNREACHABLE_CODE = YES;
				CLANG_WARN__DUPLICATE_METHOD_MATCH = YES;
				COPY_PHASE_STRIP = NO;
				DEBUG_INFORMATION_FORMAT = "dwarf-with-dsym";
				ENABLE_NS_ASSERTIONS = NO;
				ENABLE_STRICT_OBJC_MSGSEND = YES;
				GCC_C_LANGUAGE_STANDARD = gnu11;
				GCC_NO_COMMON_BLOCKS = YES;
				GCC_WARN_64_TO_32_BIT_CONVERSION = YES;
				GCC_WARN_ABOUT_RETURN_TYPE = YES_ERROR;
				GCC_WARN_UNDECLARED_SELECTOR = YES;
				GCC_WARN_UNINITIALIZED_AUTOS = YES_AGGRESSIVE;
				GCC_WARN_UNUSED_FUNCTION = YES;
				GCC_WARN_UNUSED_VARIABLE = YES;
				IPHONEOS_DEPLOYMENT_TARGET = 13.5;
				MTL_ENABLE_DEBUG_INFO = NO;
				MTL_FAST_MATH = YES;
				SDKROOT = iphoneos;
				VALIDATE_PRODUCT = YES;
			};
			name = Release;
		};
		3EB972C4248491A600C91B1B /* Debug */ = {
			isa = XCBuildConfiguration;
			buildSettings = {
				ASSETCATALOG_COMPILER_APPICON_NAME = AppIcon;
				CLANG_ENABLE_MODULES = YES;
				CODE_SIGN_STYLE = Automatic;
				DEVELOPMENT_TEAM = Y9UNY8645A;
				INFOPLIST_FILE = "Favorite Artists/Info.plist";
				LD_RUNPATH_SEARCH_PATHS = (
					"$(inherited)",
					"@executable_path/Frameworks",
				);
				PRODUCT_BUNDLE_IDENTIFIER = "com.codewithnick.Favorite-Artists";
				PRODUCT_NAME = "$(TARGET_NAME)";
				SWIFT_OPTIMIZATION_LEVEL = "-Onone";
				SWIFT_VERSION = 5.0;
				TARGETED_DEVICE_FAMILY = "1,2";
			};
			name = Debug;
		};
		3EB972C5248491A600C91B1B /* Release */ = {
			isa = XCBuildConfiguration;
			buildSettings = {
				ASSETCATALOG_COMPILER_APPICON_NAME = AppIcon;
				CLANG_ENABLE_MODULES = YES;
				CODE_SIGN_STYLE = Automatic;
				DEVELOPMENT_TEAM = Y9UNY8645A;
				INFOPLIST_FILE = "Favorite Artists/Info.plist";
				LD_RUNPATH_SEARCH_PATHS = (
					"$(inherited)",
					"@executable_path/Frameworks",
				);
				PRODUCT_BUNDLE_IDENTIFIER = "com.codewithnick.Favorite-Artists";
				PRODUCT_NAME = "$(TARGET_NAME)";
				SWIFT_VERSION = 5.0;
				TARGETED_DEVICE_FAMILY = "1,2";
			};
			name = Release;
		};
/* End XCBuildConfiguration section */

/* Begin XCConfigurationList section */
		3EB972A5248491A500C91B1B /* Build configuration list for PBXProject "Favorite Artists" */ = {
			isa = XCConfigurationList;
			buildConfigurations = (
				3EB972C1248491A600C91B1B /* Debug */,
				3EB972C2248491A600C91B1B /* Release */,
			);
			defaultConfigurationIsVisible = 0;
			defaultConfigurationName = Release;
		};
		3EB972C3248491A600C91B1B /* Build configuration list for PBXNativeTarget "Favorite Artists" */ = {
			isa = XCConfigurationList;
			buildConfigurations = (
				3EB972C4248491A600C91B1B /* Debug */,
				3EB972C5248491A600C91B1B /* Release */,
			);
			defaultConfigurationIsVisible = 0;
			defaultConfigurationName = Release;
		};
/* End XCConfigurationList section */
	};
	rootObject = 3EB972A2248491A500C91B1B /* Project object */;
}
